
Microsoft Visual Studio Solution File, Format Version 12.00
# Visual Studio Version 16
VisualStudioVersion = 16.0.33423.256
MinimumVisualStudioVersion = 10.0.40219.1
Project("{FAE04EC0-301F-11D3-BF4B-00C04F79EFBC}") = "FitnessClubTTIIP", "FitnessClubTTIIP.csproj", "{A6F59DB7-C963-4C10-8FB8-E25FA7D769A1}"
EndProject
Global
	GlobalSection(SolutionConfigurationPlatforms) = preSolution
		Debug|Any CPU = Debug|Any CPU
		Release|Any CPU = Release|Any CPU
	EndGlobalSection
	GlobalSection(ProjectConfigurationPlatforms) = postSolution
		{A6F59DB7-C963-4C10-8FB8-E25FA7D769A1}.Debug|Any CPU.ActiveCfg = Debug|Any CPU
		{A6F59DB7-C963-4C10-8FB8-E25FA7D769A1}.Debug|Any CPU.Build.0 = Debug|Any CPU
		{A6F59DB7-C963-4C10-8FB8-E25FA7D769A1}.Release|Any CPU.ActiveCfg = Release|Any CPU
		{A6F59DB7-C963-4C10-8FB8-E25FA7D769A1}.Release|Any CPU.Build.0 = Release|Any CPU
	EndGlobalSection
	GlobalSection(SolutionProperties) = preSolution
		HideSolutionNode = FALSE
	EndGlobalSection
	GlobalSection(ExtensibilityGlobals) = postSolution
		SolutionGuid = {CDB9FBF6-BB20-4290-8852-6E9B89E21FD3}
	EndGlobalSection
EndGlobal
